// !$*UTF8*$!
{
	archiveVersion = 1;
	classes = {
	};
	objectVersion = 50;
	objects = {

/* Begin PBXBuildFile section */
		9B4DEBF426EFAE0A002061BA /* AppDelegate.swift in Sources */ = {isa = PBXBuildFile; fileRef = 9B4DEBF326EFAE0A002061BA /* AppDelegate.swift */; };
		9B4DEBF626EFAE0A002061BA /* SceneDelegate.swift in Sources */ = {isa = PBXBuildFile; fileRef = 9B4DEBF526EFAE0A002061BA /* SceneDelegate.swift */; };
		9B4DEBF826EFAE0A002061BA /* IntroductionViewController.swift in Sources */ = {isa = PBXBuildFile; fileRef = 9B4DEBF726EFAE0A002061BA /* IntroductionViewController.swift */; };
		9B4DEBFB26EFAE0A002061BA /* Main.storyboard in Resources */ = {isa = PBXBuildFile; fileRef = 9B4DEBF926EFAE0A002061BA /* Main.storyboard */; };
		9B4DEBFD26EFAE0C002061BA /* Assets.xcassets in Resources */ = {isa = PBXBuildFile; fileRef = 9B4DEBFC26EFAE0C002061BA /* Assets.xcassets */; };
		9B4DEC0026EFAE0C002061BA /* LaunchScreen.storyboard in Resources */ = {isa = PBXBuildFile; fileRef = 9B4DEBFE26EFAE0C002061BA /* LaunchScreen.storyboard */; };
		9B9A6F2D26F4C3AE009313D6 /* QuestionsViewController.swift in Sources */ = {isa = PBXBuildFile; fileRef = 9B9A6F2C26F4C3AE009313D6 /* QuestionsViewController.swift */; };
		9B9A6F2F26F4C3DA009313D6 /* ResultsViewController.swift in Sources */ = {isa = PBXBuildFile; fileRef = 9B9A6F2E26F4C3DA009313D6 /* ResultsViewController.swift */; };
		9B9A6F3126F4E82C009313D6 /* Question.swift in Sources */ = {isa = PBXBuildFile; fileRef = 9B9A6F3026F4E82C009313D6 /* Question.swift */; };
		9B9A6F3326F4EFCA009313D6 /* Answer.swift in Sources */ = {isa = PBXBuildFile; fileRef = 9B9A6F3226F4EFCA009313D6 /* Answer.swift */; };
/* End PBXBuildFile section */

/* Begin PBXFileReference section */
		9B4DEBF026EFAE0A002061BA /* PersonalityQuiz.app */ = {isa = PBXFileReference; explicitFileType = wrapper.application; includeInIndex = 0; path = PersonalityQuiz.app; sourceTree = BUILT_PRODUCTS_DIR; };
		9B4DEBF326EFAE0A002061BA /* AppDelegate.swift */ = {isa = PBXFileReference; lastKnownFileType = sourcecode.swift; path = AppDelegate.swift; sourceTree = "<group>"; };
		9B4DEBF526EFAE0A002061BA /* SceneDelegate.swift */ = {isa = PBXFileReference; lastKnownFileType = sourcecode.swift; path = SceneDelegate.swift; sourceTree = "<group>"; };
		9B4DEBF726EFAE0A002061BA /* IntroductionViewController.swift */ = {isa = PBXFileReference; lastKnownFileType = sourcecode.swift; path = IntroductionViewController.swift; sourceTree = "<group>"; };
		9B4DEBFA26EFAE0A002061BA /* Base */ = {isa = PBXFileReference; lastKnownFileType = file.storyboard; name = Base; path = Base.lproj/Main.storyboard; sourceTree = "<group>"; };
		9B4DEBFC26EFAE0C002061BA /* Assets.xcassets */ = {isa = PBXFileReference; lastKnownFileType = folder.assetcatalog; path = Assets.xcassets; sourceTree = "<group>"; };
		9B4DEBFF26EFAE0C002061BA /* Base */ = {isa = PBXFileReference; lastKnownFileType = file.storyboard; name = Base; path = Base.lproj/LaunchScreen.storyboard; sourceTree = "<group>"; };
		9B4DEC0126EFAE0C002061BA /* Info.plist */ = {isa = PBXFileReference; lastKnownFileType = text.plist.xml; path = Info.plist; sourceTree = "<group>"; };
		9B9A6F2C26F4C3AE009313D6 /* QuestionsViewController.swift */ = {isa = PBXFileReference; lastKnownFileType = sourcecode.swift; lineEnding = 0; path = QuestionsViewController.swift; sourceTree = "<group>"; };
		9B9A6F2E26F4C3DA009313D6 /* ResultsViewController.swift */ = {isa = PBXFileReference; lastKnownFileType = sourcecode.swift; path = ResultsViewController.swift; sourceTree = "<group>"; };
		9B9A6F3026F4E82C009313D6 /* Question.swift */ = {isa = PBXFileReference; lastKnownFileType = sourcecode.swift; path = Question.swift; sourceTree = "<group>"; };
		9B9A6F3226F4EFCA009313D6 /* Answer.swift */ = {isa = PBXFileReference; lastKnownFileType = sourcecode.swift; path = Answer.swift; sourceTree = "<group>"; };
/* End PBXFileReference section */

/* Begin PBXFrameworksBuildPhase section */
		9B4DEBED26EFAE0A002061BA /* Frameworks */ = {
			isa = PBXFrameworksBuildPhase;
			buildActionMask = 2147483647;
			files = (
			);
			runOnlyForDeploymentPostprocessing = 0;
		};
/* End PBXFrameworksBuildPhase section */

/* Begin PBXGroup section */
		9B4DEBE726EFAE0A002061BA = {
			isa = PBXGroup;
			children = (
				9B4DEBF226EFAE0A002061BA /* PersonalityQuiz */,
				9B4DEBF126EFAE0A002061BA /* Products */,
			);
			sourceTree = "<group>";
		};
		9B4DEBF126EFAE0A002061BA /* Products */ = {
			isa = PBXGroup;
			children = (
				9B4DEBF026EFAE0A002061BA /* PersonalityQuiz.app */,
			);
			name = Products;
			sourceTree = "<group>";
		};
		9B4DEBF226EFAE0A002061BA /* PersonalityQuiz */ = {
			isa = PBXGroup;
			children = (
				9B4DEBF326EFAE0A002061BA /* AppDelegate.swift */,
				9B4DEBF526EFAE0A002061BA /* SceneDelegate.swift */,
				9B4DEBF726EFAE0A002061BA /* IntroductionViewController.swift */,
				9B9A6F2C26F4C3AE009313D6 /* QuestionsViewController.swift */,
				9B9A6F2E26F4C3DA009313D6 /* ResultsViewController.swift */,
				9B4DEBF926EFAE0A002061BA /* Main.storyboard */,
				9B9A6F3026F4E82C009313D6 /* Question.swift */,
				9B9A6F3226F4EFCA009313D6 /* Answer.swift */,
				9B4DEBFC26EFAE0C002061BA /* Assets.xcassets */,
				9B4DEBFE26EFAE0C002061BA /* LaunchScreen.storyboard */,
				9B4DEC0126EFAE0C002061BA /* Info.plist */,
			);
			path = PersonalityQuiz;
			sourceTree = "<group>";
		};
/* End PBXGroup section */

/* Begin PBXNativeTarget section */
		9B4DEBEF26EFAE0A002061BA /* PersonalityQuiz */ = {
			isa = PBXNativeTarget;
			buildConfigurationList = 9B4DEC0426EFAE0C002061BA /* Build configuration list for PBXNativeTarget "PersonalityQuiz" */;
			buildPhases = (
				9B4DEBEC26EFAE0A002061BA /* Sources */,
				9B4DEBED26EFAE0A002061BA /* Frameworks */,
				9B4DEBEE26EFAE0A002061BA /* Resources */,
			);
			buildRules = (
			);
			dependencies = (
			);
			name = PersonalityQuiz;
			productName = PersonalityQuiz;
			productReference = 9B4DEBF026EFAE0A002061BA /* PersonalityQuiz.app */;
			productType = "com.apple.product-type.application";
		};
/* End PBXNativeTarget section */

/* Begin PBXProject section */
		9B4DEBE826EFAE0A002061BA /* Project object */ = {
			isa = PBXProject;
			attributes = {
				LastSwiftUpdateCheck = 1250;
				LastUpgradeCheck = 1250;
				TargetAttributes = {
					9B4DEBEF26EFAE0A002061BA = {
						CreatedOnToolsVersion = 12.5;
					};
				};
			};
			buildConfigurationList = 9B4DEBEB26EFAE0A002061BA /* Build configuration list for PBXProject "PersonalityQuiz" */;
			compatibilityVersion = "Xcode 9.3";
			developmentRegion = en;
			hasScannedForEncodings = 0;
			knownRegions = (
				en,
				Base,
			);
			mainGroup = 9B4DEBE726EFAE0A002061BA;
			productRefGroup = 9B4DEBF126EFAE0A002061BA /* Products */;
			projectDirPath = "";
			projectRoot = "";
			targets = (
				9B4DEBEF26EFAE0A002061BA /* PersonalityQuiz */,
			);
		};
/* End PBXProject section */

/* Begin PBXResourcesBuildPhase section */
		9B4DEBEE26EFAE0A002061BA /* Resources */ = {
			isa = PBXResourcesBuildPhase;
			buildActionMask = 2147483647;
			files = (
				9B4DEC0026EFAE0C002061BA /* LaunchScreen.storyboard in Resources */,
				9B4DEBFD26EFAE0C002061BA /* Assets.xcassets in Resources */,
				9B4DEBFB26EFAE0A002061BA /* Main.storyboard in Resources */,
			);
			runOnlyForDeploymentPostprocessing = 0;
		};
/* End PBXResourcesBuildPhase section */

/* Begin PBXSourcesBuildPhase section */
		9B4DEBEC26EFAE0A002061BA /* Sources */ = {
			isa = PBXSourcesBuildPhase;
			buildActionMask = 2147483647;
			files = (
				9B4DEBF826EFAE0A002061BA /* IntroductionViewController.swift in Sources */,
				9B4DEBF426EFAE0A002061BA /* AppDelegate.swift in Sources */,
				9B9A6F2D26F4C3AE009313D6 /* QuestionsViewController.swift in Sources */,
				9B9A6F3326F4EFCA009313D6 /* Answer.swift in Sources */,
				9B9A6F3126F4E82C009313D6 /* Question.swift in Sources */,
				9B9A6F2F26F4C3DA009313D6 /* ResultsViewController.swift in Sources */,
				9B4DEBF626EFAE0A002061BA /* SceneDelegate.swift in Sources */,
			);
			runOnlyForDeploymentPostprocessing = 0;
		};
/* End PBXSourcesBuildPhase section */

/* Begin PBXVariantGroup section */
		9B4DEBF926EFAE0A002061BA /* Main.storyboard */ = {
			isa = PBXVariantGroup;
			children = (
				9B4DEBFA26EFAE0A002061BA /* Base */,
			);
			name = Main.storyboard;
			sourceTree = "<group>";
		};
		9B4DEBFE26EFAE0C002061BA /* LaunchScreen.storyboard */ = {
			isa = PBXVariantGroup;
			children = (
				9B4DEBFF26EFAE0C002061BA /* Base */,
			);
			name = LaunchScreen.storyboard;
			sourceTree = "<group>";
		};
/* End PBXVariantGroup section */

/* Begin XCBuildConfiguration section */
		9B4DEC0226EFAE0C002061BA /* Debug */ = {
			isa = XCBuildConfiguration;
			buildSettings = {
				ALWAYS_SEARCH_USER_PATHS = NO;
				CLANG_ANALYZER_NONNULL = YES;
				CLANG_ANALYZER_NUMBER_OBJECT_CONVERSION = YES_AGGRESSIVE;
				CLANG_CXX_LANGUAGE_STANDARD = "gnu++14";
				CLANG_CXX_LIBRARY = "libc++";
				CLANG_ENABLE_MODULES = YES;
				CLANG_ENABLE_OBJC_ARC = YES;
				CLANG_ENABLE_OBJC_WEAK = YES;
				CLANG_WARN_BLOCK_CAPTURE_AUTORELEASING = YES;
				CLANG_WARN_BOOL_CONVERSION = YES;
				CLANG_WARN_COMMA = YES;
				CLANG_WARN_CONSTANT_CONVERSION = YES;
				CLANG_WARN_DEPRECATED_OBJC_IMPLEMENTATIONS = YES;
				CLANG_WARN_DIRECT_OBJC_ISA_USAGE = YES_ERROR;
				CLANG_WARN_DOCUMENTATION_COMMENTS = YES;
				CLANG_WARN_EMPTY_BODY = YES;
				CLANG_WARN_ENUM_CONVERSION = YES;
				CLANG_WARN_INFINITE_RECURSION = YES;
				CLANG_WARN_INT_CONVERSION = YES;
				CLANG_WARN_NON_LITERAL_NULL_CONVERSION = YES;
				CLANG_WARN_OBJC_IMPLICIT_RETAIN_SELF = YES;
				CLANG_WARN_OBJC_LITERAL_CONVERSION = YES;
				CLANG_WARN_OBJC_ROOT_CLASS = YES_ERROR;
				CLANG_WARN_QUOTED_INCLUDE_IN_FRAMEWORK_HEADER = YES;
				CLANG_WARN_RANGE_LOOP_ANALYSIS = YES;
				CLANG_WARN_STRICT_PROTOTYPES = YES;
				CLANG_WARN_SUSPICIOUS_MOVE = YES;
				CLANG_WARN_UNGUARDED_AVAILABILITY = YES_AGGRESSIVE;
				CLANG_WARN_UNREACHABLE_CODE = YES;
				CLANG_WARN__DUPLICATE_METHOD_MATCH = YES;
				COPY_PHASE_STRIP = NO;
				DEBUG_INFORMATION_FORMAT = dwarf;
				ENABLE_STRICT_OBJC_MSGSEND = YES;
				ENABLE_TESTABILITY = YES;
				GCC_C_LANGUAGE_STANDARD = gnu11;
				GCC_DYNAMIC_NO_PIC = NO;
				GCC_NO_COMMON_BLOCKS = YES;
				GCC_OPTIMIZATION_LEVEL = 0;
				GCC_PREPROCESSOR_DEFINITIONS = (
					"DEBUG=1",
					"$(inherited)",
				);
				GCC_WARN_64_TO_32_BIT_CONVERSION = YES;
				GCC_WARN_ABOUT_RETURN_TYPE = YES_ERROR;
				GCC_WARN_UNDECLARED_SELECTOR = YES;
				GCC_WARN_UNINITIALIZED_AUTOS = YES_AGGRESSIVE;
				GCC_WARN_UNUSED_FUNCTION = YES;
				GCC_WARN_UNUSED_VARIABLE = YES;
				IPHONEOS_DEPLOYMENT_TARGET = 14.5;
				MTL_ENABLE_DEBUG_INFO = INCLUDE_SOURCE;
				MTL_FAST_MATH = YES;
				ONLY_ACTIVE_ARCH = YES;
				SDKROOT = iphoneos;
				SWIFT_ACTIVE_COMPILATION_CONDITIONS = DEBUG;
				SWIFT_OPTIMIZATION_LEVEL = "-Onone";
			};
			name = Debug;
		};
		9B4DEC0326EFAE0C002061BA /* Release */ = {
			isa = XCBuildConfiguration;
			buildSettings = {
				ALWAYS_SEARCH_USER_PATHS = NO;
				CLANG_ANALYZER_NONNULL = YES;
				CLANG_ANALYZER_NUMBER_OBJECT_CONVERSION = YES_AGGRESSIVE;
				CLANG_CXX_LANGUAGE_STANDARD = "gnu++14";
				CLANG_CXX_LIBRARY = "libc++";
				CLANG_ENABLE_MODULES = YES;
				CLANG_ENABLE_OBJC_ARC = YES;
				CLANG_ENABLE_OBJC_WEAK = YES;
				CLANG_WARN_BLOCK_CAPTURE_AUTORELEASING = YES;
				CLANG_WARN_BOOL_CONVERSION = YES;
				CLANG_WARN_COMMA = YES;
				CLANG_WARN_CONSTANT_CONVERSION = YES;
				CLANG_WARN_DEPRECATED_OBJC_IMPLEMENTATIONS = YES;
				CLANG_WARN_DIRECT_OBJC_ISA_USAGE = YES_ERROR;
				CLANG_WARN_DOCUMENTATION_COMMENTS = YES;
				CLANG_WARN_EMPTY_BODY = YES;
				CLANG_WARN_ENUM_CONVERSION = YES;
				CLANG_WARN_INFINITE_RECURSION = YES;
				CLANG_WARN_INT_CONVERSION = YES;
				CLANG_WARN_NON_LITERAL_NULL_CONVERSION = YES;
				CLANG_WARN_OBJC_IMPLICIT_RETAIN_SELF = YES;
				CLANG_WARN_OBJC_LITERAL_CONVERSION = YES;
				CLANG_WARN_OBJC_ROOT_CLASS = YES_ERROR;
				CLANG_WARN_QUOTED_INCLUDE_IN_FRAMEWORK_HEADER = YES;
				CLANG_WARN_RANGE_LOOP_ANALYSIS = YES;
				CLANG_WARN_STRICT_PROTOTYPES = YES;
				CLANG_WARN_SUSPICIOUS_MOVE = YES;
				CLANG_WARN_UNGUARDED_AVAILABILITY = YES_AGGRESSIVE;
				CLANG_WARN_UNREACHABLE_CODE = YES;
				CLANG_WARN__DUPLICATE_METHOD_MATCH = YES;
				COPY_PHASE_STRIP = NO;
				DEBUG_INFORMATION_FORMAT = "dwarf-with-dsym";
				ENABLE_NS_ASSERTIONS = NO;
				ENABLE_STRICT_OBJC_MSGSEND = YES;
				GCC_C_LANGUAGE_STANDARD = gnu11;
				GCC_NO_COMMON_BLOCKS = YES;
				GCC_WARN_64_TO_32_BIT_CONVERSION = YES;
				GCC_WARN_ABOUT_RETURN_TYPE = YES_ERROR;
				GCC_WARN_UNDECLARED_SELECTOR = YES;
				GCC_WARN_UNINITIALIZED_AUTOS = YES_AGGRESSIVE;
				GCC_WARN_UNUSED_FUNCTION = YES;
				GCC_WARN_UNUSED_VARIABLE = YES;
				IPHONEOS_DEPLOYMENT_TARGET = 14.5;
				MTL_ENABLE_DEBUG_INFO = NO;
				MTL_FAST_MATH = YES;
				SDKROOT = iphoneos;
				SWIFT_COMPILATION_MODE = wholemodule;
				SWIFT_OPTIMIZATION_LEVEL = "-O";
				VALIDATE_PRODUCT = YES;
			};
			name = Release;
		};
		9B4DEC0526EFAE0C002061BA /* Debug */ = {
			isa = XCBuildConfiguration;
			buildSettings = {
				ASSETCATALOG_COMPILER_APPICON_NAME = AppIcon;
				ASSETCATALOG_COMPILER_GLOBAL_ACCENT_COLOR_NAME = AccentColor;
				CODE_SIGN_STYLE = Automatic;
				DEVELOPMENT_TEAM = 5SL3U485BH;
				INFOPLIST_FILE = PersonalityQuiz/Info.plist;
				LD_RUNPATH_SEARCH_PATHS = (
					"$(inherited)",
					"@executable_path/Frameworks",
				);
				PRODUCT_BUNDLE_IDENTIFIER = com.jamaaldeenopasina.PersonalityQuiz;
				PRODUCT_NAME = "$(TARGET_NAME)";
				SWIFT_VERSION = 5.0;
				TARGETED_DEVICE_FAMILY = "1,2";
			};
			name = Debug;
		};
		9B4DEC0626EFAE0C002061BA /* Release */ = {
			isa = XCBuildConfiguration;
			buildSettings = {
				ASSETCATALOG_COMPILER_APPICON_NAME = AppIcon;
				ASSETCATALOG_COMPILER_GLOBAL_ACCENT_COLOR_NAME = AccentColor;
				CODE_SIGN_STYLE = Automatic;
				DEVELOPMENT_TEAM = 5SL3U485BH;
				INFOPLIST_FILE = PersonalityQuiz/Info.plist;
				LD_RUNPATH_SEARCH_PATHS = (
					"$(inherited)",
					"@executable_path/Frameworks",
				);
				PRODUCT_BUNDLE_IDENTIFIER = com.jamaaldeenopasina.PersonalityQuiz;
				PRODUCT_NAME = "$(TARGET_NAME)";
				SWIFT_VERSION = 5.0;
				TARGETED_DEVICE_FAMILY = "1,2";
			};
			name = Release;
		};
/* End XCBuildConfiguration section */

/* Begin XCConfigurationList section */
		9B4DEBEB26EFAE0A002061BA /* Build configuration list for PBXProject "PersonalityQuiz" */ = {
			isa = XCConfigurationList;
			buildConfigurations = (
				9B4DEC0226EFAE0C002061BA /* Debug */,
				9B4DEC0326EFAE0C002061BA /* Release */,
			);
			defaultConfigurationIsVisible = 0;
			defaultConfigurationName = Release;
		};
		9B4DEC0426EFAE0C002061BA /* Build configuration list for PBXNativeTarget "PersonalityQuiz" */ = {
			isa = XCConfigurationList;
			buildConfigurations = (
				9B4DEC0526EFAE0C002061BA /* Debug */,
				9B4DEC0626EFAE0C002061BA /* Release */,
			);
			defaultConfigurationIsVisible = 0;
			defaultConfigurationName = Release;
		};
/* End XCConfigurationList section */
	};
	rootObject = 9B4DEBE826EFAE0A002061BA /* Project object */;
}
